
Microsoft Visual Studio Solution File, Format Version 12.00
# Visual Studio Version 16
VisualStudioVersion = 16.0.33130.400
MinimumVisualStudioVersion = 10.0.40219.1
Project("{FAE04EC0-301F-11D3-BF4B-00C04F79EFBC}") = "OnlineRadio", "OnlineRadio\OnlineRadio.csproj", "{C6969BD8-5ACB-424C-9C0F-3AD77291D344}"
EndProject
Global
	GlobalSection(SolutionConfigurationPlatforms) = preSolution
		Debug|Any CPU = Debug|Any CPU
		Release|Any CPU = Release|Any CPU
	EndGlobalSection
	GlobalSection(ProjectConfigurationPlatforms) = postSolution
		{C6969BD8-5ACB-424C-9C0F-3AD77291D344}.Debug|Any CPU.ActiveCfg = Debug|Any CPU
		{C6969BD8-5ACB-424C-9C0F-3AD77291D344}.Debug|Any CPU.Build.0 = Debug|Any CPU
		{C6969BD8-5ACB-424C-9C0F-3AD77291D344}.Release|Any CPU.ActiveCfg = Release|Any CPU
		{C6969BD8-5ACB-424C-9C0F-3AD77291D344}.Release|Any CPU.Build.0 = Release|Any CPU
	EndGlobalSection
	GlobalSection(SolutionProperties) = preSolution
		HideSolutionNode = FALSE
	EndGlobalSection
	GlobalSection(ExtensibilityGlobals) = postSolution
		SolutionGuid = {8E1D88E5-777F-488B-8DF8-F3F6E2EB14FC}
	EndGlobalSection
EndGlobal
